# This file is automatically @generated by tinymist.
# It is not intended for manual editing.
version = "0.1.0-beta0"

[[document]]
font-paths = ["file:lib/fonts/alegreya-sans", "file:lib/fonts/liberation"]
id = "file:abstract/main.typ"
inputs = []
main = "file:abstract/main.typ"
root = "file:."
system-fonts = true

[[document]]
font-paths = ["file:lib/fonts/alegreya-sans", "file:lib/fonts/liberation"]
id = "file:poster/main.typ"
inputs = []
main = "file:poster/main.typ"
root = "file:."
system-fonts = true

[[document]]
font-paths = ["file:lib/fonts/alegreya-sans", "file:lib/fonts/liberation"]
id = "file:slides/main.typ"
inputs = []
main = "file:slides/main.typ"
root = "file:."
system-fonts = true

[[document]]
font-paths = ["file:lib/fonts/alegreya-sans", "file:lib/fonts/liberation"]
id = "file:subject-statement/main.typ"
inputs = []
main = "file:subject-statement/main.typ"
root = "file:."
system-fonts = true

[[document]]
font-paths = ["file:lib/fonts/alegreya-sans", "file:lib/fonts/liberation"]
id = "file:thesis/main.typ"
inputs = []
main = "file:thesis/main.typ"
root = "file:."
system-fonts = true

[[route]]
id = "file:thesis/main.typ"
priority = 256

[[route]]
id = "file:subject-statement/main.typ"
priority = 256

[[route]]
id = "file:slides/main.typ"
priority = 256

[[route]]
id = "file:poster/main.typ"
priority = 256

[[route]]
id = "file:abstract/main.typ"
priority = 256

[[task]]
document = "file:abstract/main.typ"
id = "file:abstract/main.typ"
type = "export-pdf"
when = "never"

[[task]]
document = "file:poster/main.typ"
id = "file:poster/main.typ"
type = "export-pdf"
when = "never"

[[task]]
document = "file:slides/main.typ"
id = "file:slides/main.typ"
type = "export-pdf"
when = "never"

[[task]]
document = "file:subject-statement/main.typ"
id = "file:subject-statement/main.typ"
type = "export-pdf"
when = "never"

[[task]]
document = "file:thesis/main.typ"
id = "file:thesis/main.typ"
type = "export-pdf"
when = "never"
